
Microsoft Visual Studio Solution File, Format Version 12.00
# Visual Studio Version 16
VisualStudioVersion = 16.0.31911.196
MinimumVisualStudioVersion = 10.0.40219.1
Project("{FAE04EC0-301F-11D3-BF4B-00C04F79EFBC}") = "PlaneApp", "PlaneApp.csproj", "{06A0ACC7-EDC7-464B-BEC2-DB34C2B4E83E}"
EndProject
Global
	GlobalSection(SolutionConfigurationPlatforms) = preSolution
		Debug|Any CPU = Debug|Any CPU
		Release|Any CPU = Release|Any CPU
	EndGlobalSection
	GlobalSection(ProjectConfigurationPlatforms) = postSolution
		{06A0ACC7-EDC7-464B-BEC2-DB34C2B4E83E}.Debug|Any CPU.ActiveCfg = Debug|Any CPU
		{06A0ACC7-EDC7-464B-BEC2-DB34C2B4E83E}.Debug|Any CPU.Build.0 = Debug|Any CPU
		{06A0ACC7-EDC7-464B-BEC2-DB34C2B4E83E}.Release|Any CPU.ActiveCfg = Release|Any CPU
		{06A0ACC7-EDC7-464B-BEC2-DB34C2B4E83E}.Release|Any CPU.Build.0 = Release|Any CPU
	EndGlobalSection
	GlobalSection(SolutionProperties) = preSolution
		HideSolutionNode = FALSE
	EndGlobalSection
	GlobalSection(ExtensibilityGlobals) = postSolution
		SolutionGuid = {3AB74866-9250-4994-BE62-0F2B7136BDB3}
	EndGlobalSection
EndGlobal
